
Microsoft Visual Studio Solution File, Format Version 12.00
# Visual Studio Version 17
VisualStudioVersion = 17.0.31903.59
MinimumVisualStudioVersion = 10.0.40219.1
Project("{FAE04EC0-301F-11D3-BF4B-00C04F79EFBC}") = "LibMatrix", "LibMatrix\LibMatrix.csproj", "{2A07D7DA-7B8F-432D-8AD3-9679B58A7C19}"
EndProject
Project("{2150E333-8FDC-42A3-9474-1A3956D46DE8}") = "ExampleBots", "ExampleBots", "{840309F0-435B-43A7-8471-8C2BE643889D}"
EndProject
Project("{2150E333-8FDC-42A3-9474-1A3956D46DE8}") = "Utilities", "Utilities", "{A6345ECE-4C5E-400F-9130-886E343BF314}"
EndProject
Project("{FAE04EC0-301F-11D3-BF4B-00C04F79EFBC}") = "LibMatrix.MxApiExtensions", "LibMatrix.MxApiExtensions\LibMatrix.MxApiExtensions.csproj", "{32D9616B-91BB-4B43-97C6-2C3840C12EA6}"
EndProject
Project("{FAE04EC0-301F-11D3-BF4B-00C04F79EFBC}") = "LibMatrix.ExampleBot", "ExampleBots\LibMatrix.ExampleBot\LibMatrix.ExampleBot.csproj", "{1B1B2197-61FB-416F-B6C8-845F2E5A0442}"
EndProject
Project("{FAE04EC0-301F-11D3-BF4B-00C04F79EFBC}") = "ModerationBot", "ExampleBots\ModerationBot\ModerationBot.csproj", "{8F0A820E-F6AE-45A2-970E-7A3759693919}"
EndProject
Project("{FAE04EC0-301F-11D3-BF4B-00C04F79EFBC}") = "LibMatrix.DebugDataValidationApi", "Utilities\LibMatrix.DebugDataValidationApi\LibMatrix.DebugDataValidationApi.csproj", "{35DF9A1A-D988-4225-AFA3-06BB8EDEB559}"
EndProject
Project("{FAE04EC0-301F-11D3-BF4B-00C04F79EFBC}") = "LibMatrix.Utilities.Bot", "Utilities\LibMatrix.Utilities.Bot\LibMatrix.Utilities.Bot.csproj", "{3ACF2613-E23F-42C2-925E-0BB4FC3AB1F7}"
EndProject
Project("{FAE04EC0-301F-11D3-BF4B-00C04F79EFBC}") = "PluralContactBotPoC", "ExampleBots\PluralContactBotPoC\PluralContactBotPoC.csproj", "{FB8FE4EB-B53B-464B-A5FD-9BF9D0F3EF9B}"
EndProject
Project("{2150E333-8FDC-42A3-9474-1A3956D46DE8}") = "Tests", "Tests", "{BFE16D8E-EFC5-49F6-9854-DB001309B3B4}"
EndProject
Project("{FAE04EC0-301F-11D3-BF4B-00C04F79EFBC}") = "LibMatrix.Tests", "Tests\LibMatrix.Tests\LibMatrix.Tests.csproj", "{345934FF-CA81-4A4B-B137-9F198102C65F}"
EndProject
Project("{FAE04EC0-301F-11D3-BF4B-00C04F79EFBC}") = "TestDataGenerator", "Tests\TestDataGenerator\TestDataGenerator.csproj", "{0B9B34D1-9362-45A9-9C21-816FD6959110}"
EndProject
Project("{FAE04EC0-301F-11D3-BF4B-00C04F79EFBC}") = "LibMatrix.JsonSerializerContextGenerator", "Utilities\LibMatrix.JsonSerializerContextGenerator\LibMatrix.JsonSerializerContextGenerator.csproj", "{4D9B5227-48DC-4A30-9263-AFB51DC01ABB}"
EndProject
Project("{2150E333-8FDC-42A3-9474-1A3956D46DE8}") = "ArcaneLibs", "ArcaneLibs", "{01A126FE-9D50-40F2-817B-E55F4065EA76}"
EndProject
Project("{FAE04EC0-301F-11D3-BF4B-00C04F79EFBC}") = "ArcaneLibs", "ArcaneLibs\ArcaneLibs\ArcaneLibs.csproj", "{13A797D1-7E13-4789-A167-8628B1641AC0}"
EndProject
Project("{FAE04EC0-301F-11D3-BF4B-00C04F79EFBC}") = "LibMatrix.EventTypes", "LibMatrix.EventTypes\LibMatrix.EventTypes.csproj", "{CD13665B-B964-4AB0-991B-12F067B16DA3}"
EndProject
Project("{FAE04EC0-301F-11D3-BF4B-00C04F79EFBC}") = "LibMatrix.HomeserverEmulator", "Tests\LibMatrix.HomeserverEmulator\LibMatrix.HomeserverEmulator.csproj", "{D44DB78D-9BAD-4AB6-A054-839ECA9D68D2}"
EndProject
Global
	GlobalSection(SolutionConfigurationPlatforms) = preSolution
		Debug|Any CPU = Debug|Any CPU
		Release|Any CPU = Release|Any CPU
	EndGlobalSection
	GlobalSection(SolutionProperties) = preSolution
		HideSolutionNode = FALSE
	EndGlobalSection
	GlobalSection(ProjectConfigurationPlatforms) = postSolution
		{2A07D7DA-7B8F-432D-8AD3-9679B58A7C19}.Debug|Any CPU.ActiveCfg = Debug|Any CPU
		{2A07D7DA-7B8F-432D-8AD3-9679B58A7C19}.Debug|Any CPU.Build.0 = Debug|Any CPU
		{2A07D7DA-7B8F-432D-8AD3-9679B58A7C19}.Release|Any CPU.ActiveCfg = Release|Any CPU
		{2A07D7DA-7B8F-432D-8AD3-9679B58A7C19}.Release|Any CPU.Build.0 = Release|Any CPU
		{32D9616B-91BB-4B43-97C6-2C3840C12EA6}.Debug|Any CPU.ActiveCfg = Debug|Any CPU
		{32D9616B-91BB-4B43-97C6-2C3840C12EA6}.Debug|Any CPU.Build.0 = Debug|Any CPU
		{32D9616B-91BB-4B43-97C6-2C3840C12EA6}.Release|Any CPU.ActiveCfg = Release|Any CPU
		{32D9616B-91BB-4B43-97C6-2C3840C12EA6}.Release|Any CPU.Build.0 = Release|Any CPU
		{1B1B2197-61FB-416F-B6C8-845F2E5A0442}.Debug|Any CPU.ActiveCfg = Debug|Any CPU
		{1B1B2197-61FB-416F-B6C8-845F2E5A0442}.Debug|Any CPU.Build.0 = Debug|Any CPU
		{1B1B2197-61FB-416F-B6C8-845F2E5A0442}.Release|Any CPU.ActiveCfg = Release|Any CPU
		{1B1B2197-61FB-416F-B6C8-845F2E5A0442}.Release|Any CPU.Build.0 = Release|Any CPU
		{8F0A820E-F6AE-45A2-970E-7A3759693919}.Debug|Any CPU.ActiveCfg = Debug|Any CPU
		{8F0A820E-F6AE-45A2-970E-7A3759693919}.Debug|Any CPU.Build.0 = Debug|Any CPU
		{8F0A820E-F6AE-45A2-970E-7A3759693919}.Release|Any CPU.ActiveCfg = Release|Any CPU
		{8F0A820E-F6AE-45A2-970E-7A3759693919}.Release|Any CPU.Build.0 = Release|Any CPU
		{35DF9A1A-D988-4225-AFA3-06BB8EDEB559}.Debug|Any CPU.ActiveCfg = Debug|Any CPU
		{35DF9A1A-D988-4225-AFA3-06BB8EDEB559}.Debug|Any CPU.Build.0 = Debug|Any CPU
		{35DF9A1A-D988-4225-AFA3-06BB8EDEB559}.Release|Any CPU.ActiveCfg = Release|Any CPU
		{35DF9A1A-D988-4225-AFA3-06BB8EDEB559}.Release|Any CPU.Build.0 = Release|Any CPU
		{3ACF2613-E23F-42C2-925E-0BB4FC3AB1F7}.Debug|Any CPU.ActiveCfg = Debug|Any CPU
		{3ACF2613-E23F-42C2-925E-0BB4FC3AB1F7}.Debug|Any CPU.Build.0 = Debug|Any CPU
		{3ACF2613-E23F-42C2-925E-0BB4FC3AB1F7}.Release|Any CPU.ActiveCfg = Release|Any CPU
		{3ACF2613-E23F-42C2-925E-0BB4FC3AB1F7}.Release|Any CPU.Build.0 = Release|Any CPU
		{FB8FE4EB-B53B-464B-A5FD-9BF9D0F3EF9B}.Debug|Any CPU.ActiveCfg = Debug|Any CPU
		{FB8FE4EB-B53B-464B-A5FD-9BF9D0F3EF9B}.Debug|Any CPU.Build.0 = Debug|Any CPU
		{FB8FE4EB-B53B-464B-A5FD-9BF9D0F3EF9B}.Release|Any CPU.ActiveCfg = Release|Any CPU
		{FB8FE4EB-B53B-464B-A5FD-9BF9D0F3EF9B}.Release|Any CPU.Build.0 = Release|Any CPU
		{345934FF-CA81-4A4B-B137-9F198102C65F}.Debug|Any CPU.ActiveCfg = Debug|Any CPU
		{345934FF-CA81-4A4B-B137-9F198102C65F}.Debug|Any CPU.Build.0 = Debug|Any CPU
		{345934FF-CA81-4A4B-B137-9F198102C65F}.Release|Any CPU.ActiveCfg = Release|Any CPU
		{345934FF-CA81-4A4B-B137-9F198102C65F}.Release|Any CPU.Build.0 = Release|Any CPU
		{0B9B34D1-9362-45A9-9C21-816FD6959110}.Debug|Any CPU.ActiveCfg = Debug|Any CPU
		{0B9B34D1-9362-45A9-9C21-816FD6959110}.Debug|Any CPU.Build.0 = Debug|Any CPU
		{0B9B34D1-9362-45A9-9C21-816FD6959110}.Release|Any CPU.ActiveCfg = Release|Any CPU
		{0B9B34D1-9362-45A9-9C21-816FD6959110}.Release|Any CPU.Build.0 = Release|Any CPU
		{4D9B5227-48DC-4A30-9263-AFB51DC01ABB}.Debug|Any CPU.ActiveCfg = Debug|Any CPU
		{4D9B5227-48DC-4A30-9263-AFB51DC01ABB}.Debug|Any CPU.Build.0 = Debug|Any CPU
		{4D9B5227-48DC-4A30-9263-AFB51DC01ABB}.Release|Any CPU.ActiveCfg = Release|Any CPU
		{4D9B5227-48DC-4A30-9263-AFB51DC01ABB}.Release|Any CPU.Build.0 = Release|Any CPU
		{13A797D1-7E13-4789-A167-8628B1641AC0}.Debug|Any CPU.ActiveCfg = Debug|Any CPU
		{13A797D1-7E13-4789-A167-8628B1641AC0}.Debug|Any CPU.Build.0 = Debug|Any CPU
		{13A797D1-7E13-4789-A167-8628B1641AC0}.Release|Any CPU.ActiveCfg = Release|Any CPU
		{13A797D1-7E13-4789-A167-8628B1641AC0}.Release|Any CPU.Build.0 = Release|Any CPU
		{CD13665B-B964-4AB0-991B-12F067B16DA3}.Debug|Any CPU.ActiveCfg = Debug|Any CPU
		{CD13665B-B964-4AB0-991B-12F067B16DA3}.Debug|Any CPU.Build.0 = Debug|Any CPU
		{CD13665B-B964-4AB0-991B-12F067B16DA3}.Release|Any CPU.ActiveCfg = Release|Any CPU
		{CD13665B-B964-4AB0-991B-12F067B16DA3}.Release|Any CPU.Build.0 = Release|Any CPU
		{D44DB78D-9BAD-4AB6-A054-839ECA9D68D2}.Debug|Any CPU.ActiveCfg = Debug|Any CPU
		{D44DB78D-9BAD-4AB6-A054-839ECA9D68D2}.Debug|Any CPU.Build.0 = Debug|Any CPU
		{D44DB78D-9BAD-4AB6-A054-839ECA9D68D2}.Release|Any CPU.ActiveCfg = Release|Any CPU
		{D44DB78D-9BAD-4AB6-A054-839ECA9D68D2}.Release|Any CPU.Build.0 = Release|Any CPU
	EndGlobalSection
	GlobalSection(NestedProjects) = preSolution
		{1B1B2197-61FB-416F-B6C8-845F2E5A0442} = {840309F0-435B-43A7-8471-8C2BE643889D}
		{8F0A820E-F6AE-45A2-970E-7A3759693919} = {840309F0-435B-43A7-8471-8C2BE643889D}
		{35DF9A1A-D988-4225-AFA3-06BB8EDEB559} = {A6345ECE-4C5E-400F-9130-886E343BF314}
		{3ACF2613-E23F-42C2-925E-0BB4FC3AB1F7} = {A6345ECE-4C5E-400F-9130-886E343BF314}
		{FB8FE4EB-B53B-464B-A5FD-9BF9D0F3EF9B} = {840309F0-435B-43A7-8471-8C2BE643889D}
		{345934FF-CA81-4A4B-B137-9F198102C65F} = {BFE16D8E-EFC5-49F6-9854-DB001309B3B4}
		{0B9B34D1-9362-45A9-9C21-816FD6959110} = {BFE16D8E-EFC5-49F6-9854-DB001309B3B4}
		{4D9B5227-48DC-4A30-9263-AFB51DC01ABB} = {A6345ECE-4C5E-400F-9130-886E343BF314}
		{13A797D1-7E13-4789-A167-8628B1641AC0} = {01A126FE-9D50-40F2-817B-E55F4065EA76}
		{D44DB78D-9BAD-4AB6-A054-839ECA9D68D2} = {BFE16D8E-EFC5-49F6-9854-DB001309B3B4}
	EndGlobalSection
EndGlobal
